
Microsoft Visual Studio Solution File, Format Version 12.00
# Visual Studio Version 17
VisualStudioVersion = 17.2.32630.192
MinimumVisualStudioVersion = 10.0.40219.1
Project("{FAE04EC0-301F-11D3-BF4B-00C04F79EFBC}") = "API Async streaming", "API Async streaming\API Async streaming.csproj", "{5C0DDD84-E7DF-4BD9-AA89-54906FC951A8}"
EndProject
Global
	GlobalSection(SolutionConfigurationPlatforms) = preSolution
		Debug|Any CPU = Debug|Any CPU
		Release|Any CPU = Release|Any CPU
	EndGlobalSection
	GlobalSection(ProjectConfigurationPlatforms) = postSolution
		{5C0DDD84-E7DF-4BD9-AA89-54906FC951A8}.Debug|Any CPU.ActiveCfg = Debug|Any CPU
		{5C0DDD84-E7DF-4BD9-AA89-54906FC951A8}.Debug|Any CPU.Build.0 = Debug|Any CPU
		{5C0DDD84-E7DF-4BD9-AA89-54906FC951A8}.Release|Any CPU.ActiveCfg = Release|Any CPU
		{5C0DDD84-E7DF-4BD9-AA89-54906FC951A8}.Release|Any CPU.Build.0 = Release|Any CPU
	EndGlobalSection
	GlobalSection(SolutionProperties) = preSolution
		HideSolutionNode = FALSE
	EndGlobalSection
	GlobalSection(ExtensibilityGlobals) = postSolution
		SolutionGuid = {472C614E-BF16-4D40-8DA6-AABA67B12A1C}
	EndGlobalSection
EndGlobal
